// !$*UTF8*$!
{
	archiveVersion = 1;
	classes = {
	};
	objectVersion = 56;
	objects = {

/* Begin PBXBuildFile section */
		C97D29762A07FE9C0013966B /* AppDelegate.swift in Sources */ = {isa = PBXBuildFile; fileRef = C97D29752A07FE9C0013966B /* AppDelegate.swift */; };
		C97D29782A07FE9C0013966B /* SceneDelegate.swift in Sources */ = {isa = PBXBuildFile; fileRef = C97D29772A07FE9C0013966B /* SceneDelegate.swift */; };
		C97D297A2A07FE9C0013966B /* StartViewController.swift in Sources */ = {isa = PBXBuildFile; fileRef = C97D29792A07FE9C0013966B /* StartViewController.swift */; };
		C97D29802A07FE9C0013966B /* Simulator_virus_spread.xcdatamodeld in Sources */ = {isa = PBXBuildFile; fileRef = C97D297E2A07FE9C0013966B /* Simulator_virus_spread.xcdatamodeld */; };
		C97D29822A07FE9D0013966B /* Assets.xcassets in Resources */ = {isa = PBXBuildFile; fileRef = C97D29812A07FE9D0013966B /* Assets.xcassets */; };
		C97D29852A07FE9D0013966B /* LaunchScreen.storyboard in Resources */ = {isa = PBXBuildFile; fileRef = C97D29832A07FE9D0013966B /* LaunchScreen.storyboard */; };
		C97D29902A0804710013966B /* TitleTextField.swift in Sources */ = {isa = PBXBuildFile; fileRef = C97D298F2A0804710013966B /* TitleTextField.swift */; };
/* End PBXBuildFile section */

/* Begin PBXFileReference section */
		C97D29722A07FE9C0013966B /* Simulator virus spread.app */ = {isa = PBXFileReference; explicitFileType = wrapper.application; includeInIndex = 0; path = "Simulator virus spread.app"; sourceTree = BUILT_PRODUCTS_DIR; };
		C97D29752A07FE9C0013966B /* AppDelegate.swift */ = {isa = PBXFileReference; lastKnownFileType = sourcecode.swift; path = AppDelegate.swift; sourceTree = "<group>"; };
		C97D29772A07FE9C0013966B /* SceneDelegate.swift */ = {isa = PBXFileReference; lastKnownFileType = sourcecode.swift; path = SceneDelegate.swift; sourceTree = "<group>"; };
		C97D29792A07FE9C0013966B /* StartViewController.swift */ = {isa = PBXFileReference; lastKnownFileType = sourcecode.swift; path = StartViewController.swift; sourceTree = "<group>"; };
		C97D297F2A07FE9C0013966B /* Simulator_virus_spread.xcdatamodel */ = {isa = PBXFileReference; lastKnownFileType = wrapper.xcdatamodel; path = Simulator_virus_spread.xcdatamodel; sourceTree = "<group>"; };
		C97D29812A07FE9D0013966B /* Assets.xcassets */ = {isa = PBXFileReference; lastKnownFileType = folder.assetcatalog; path = Assets.xcassets; sourceTree = "<group>"; };
		C97D29842A07FE9D0013966B /* Base */ = {isa = PBXFileReference; lastKnownFileType = file.storyboard; name = Base; path = Base.lproj/LaunchScreen.storyboard; sourceTree = "<group>"; };
		C97D29862A07FE9D0013966B /* Info.plist */ = {isa = PBXFileReference; lastKnownFileType = text.plist.xml; path = Info.plist; sourceTree = "<group>"; };
		C97D298F2A0804710013966B /* TitleTextField.swift */ = {isa = PBXFileReference; lastKnownFileType = sourcecode.swift; path = TitleTextField.swift; sourceTree = "<group>"; };
/* End PBXFileReference section */

/* Begin PBXFrameworksBuildPhase section */
		C97D296F2A07FE9C0013966B /* Frameworks */ = {
			isa = PBXFrameworksBuildPhase;
			buildActionMask = 2147483647;
			files = (
			);
			runOnlyForDeploymentPostprocessing = 0;
		};
/* End PBXFrameworksBuildPhase section */

/* Begin PBXGroup section */
		C97D29692A07FE9C0013966B = {
			isa = PBXGroup;
			children = (
				C97D29742A07FE9C0013966B /* Simulator virus spread */,
				C97D29732A07FE9C0013966B /* Products */,
			);
			sourceTree = "<group>";
		};
		C97D29732A07FE9C0013966B /* Products */ = {
			isa = PBXGroup;
			children = (
				C97D29722A07FE9C0013966B /* Simulator virus spread.app */,
			);
			name = Products;
			sourceTree = "<group>";
		};
		C97D29742A07FE9C0013966B /* Simulator virus spread */ = {
			isa = PBXGroup;
			children = (
				C97D298C2A07FF690013966B /* System */,
				C97D298D2A07FF740013966B /* ViewControllers */,
				C97D29812A07FE9D0013966B /* Assets.xcassets */,
				C97D29832A07FE9D0013966B /* LaunchScreen.storyboard */,
				C97D29862A07FE9D0013966B /* Info.plist */,
				C97D297E2A07FE9C0013966B /* Simulator_virus_spread.xcdatamodeld */,
			);
			path = "Simulator virus spread";
			sourceTree = "<group>";
		};
		C97D298C2A07FF690013966B /* System */ = {
			isa = PBXGroup;
			children = (
				C97D29752A07FE9C0013966B /* AppDelegate.swift */,
				C97D29772A07FE9C0013966B /* SceneDelegate.swift */,
			);
			path = System;
			sourceTree = "<group>";
		};
		C97D298D2A07FF740013966B /* ViewControllers */ = {
			isa = PBXGroup;
			children = (
				C97D29792A07FE9C0013966B /* StartViewController.swift */,
				C97D298E2A0804690013966B /* Views */,
			);
			path = ViewControllers;
			sourceTree = "<group>";
		};
		C97D298E2A0804690013966B /* Views */ = {
			isa = PBXGroup;
			children = (
				C97D298F2A0804710013966B /* TitleTextField.swift */,
			);
			path = Views;
			sourceTree = "<group>";
		};
/* End PBXGroup section */

/* Begin PBXNativeTarget section */
		C97D29712A07FE9C0013966B /* Simulator virus spread */ = {
			isa = PBXNativeTarget;
			buildConfigurationList = C97D29892A07FE9D0013966B /* Build configuration list for PBXNativeTarget "Simulator virus spread" */;
			buildPhases = (
				C97D296E2A07FE9C0013966B /* Sources */,
				C97D296F2A07FE9C0013966B /* Frameworks */,
				C97D29702A07FE9C0013966B /* Resources */,
			);
			buildRules = (
			);
			dependencies = (
			);
			name = "Simulator virus spread";
			productName = "Simulator virus spread";
			productReference = C97D29722A07FE9C0013966B /* Simulator virus spread.app */;
			productType = "com.apple.product-type.application";
		};
/* End PBXNativeTarget section */

/* Begin PBXProject section */
		C97D296A2A07FE9C0013966B /* Project object */ = {
			isa = PBXProject;
			attributes = {
				BuildIndependentTargetsInParallel = 1;
				LastSwiftUpdateCheck = 1420;
				LastUpgradeCheck = 1420;
				TargetAttributes = {
					C97D29712A07FE9C0013966B = {
						CreatedOnToolsVersion = 14.2;
					};
				};
			};
			buildConfigurationList = C97D296D2A07FE9C0013966B /* Build configuration list for PBXProject "Simulator virus spread" */;
			compatibilityVersion = "Xcode 14.0";
			developmentRegion = en;
			hasScannedForEncodings = 0;
			knownRegions = (
				en,
				Base,
			);
			mainGroup = C97D29692A07FE9C0013966B;
			productRefGroup = C97D29732A07FE9C0013966B /* Products */;
			projectDirPath = "";
			projectRoot = "";
			targets = (
				C97D29712A07FE9C0013966B /* Simulator virus spread */,
			);
		};
/* End PBXProject section */

/* Begin PBXResourcesBuildPhase section */
		C97D29702A07FE9C0013966B /* Resources */ = {
			isa = PBXResourcesBuildPhase;
			buildActionMask = 2147483647;
			files = (
				C97D29852A07FE9D0013966B /* LaunchScreen.storyboard in Resources */,
				C97D29822A07FE9D0013966B /* Assets.xcassets in Resources */,
			);
			runOnlyForDeploymentPostprocessing = 0;
		};
/* End PBXResourcesBuildPhase section */

/* Begin PBXSourcesBuildPhase section */
		C97D296E2A07FE9C0013966B /* Sources */ = {
			isa = PBXSourcesBuildPhase;
			buildActionMask = 2147483647;
			files = (
				C97D29902A0804710013966B /* TitleTextField.swift in Sources */,
				C97D297A2A07FE9C0013966B /* StartViewController.swift in Sources */,
				C97D29802A07FE9C0013966B /* Simulator_virus_spread.xcdatamodeld in Sources */,
				C97D29762A07FE9C0013966B /* AppDelegate.swift in Sources */,
				C97D29782A07FE9C0013966B /* SceneDelegate.swift in Sources */,
			);
			runOnlyForDeploymentPostprocessing = 0;
		};
/* End PBXSourcesBuildPhase section */

/* Begin PBXVariantGroup section */
		C97D29832A07FE9D0013966B /* LaunchScreen.storyboard */ = {
			isa = PBXVariantGroup;
			children = (
				C97D29842A07FE9D0013966B /* Base */,
			);
			name = LaunchScreen.storyboard;
			sourceTree = "<group>";
		};
/* End PBXVariantGroup section */

/* Begin XCBuildConfiguration section */
		C97D29872A07FE9D0013966B /* Debug */ = {
			isa = XCBuildConfiguration;
			buildSettings = {
				ALWAYS_SEARCH_USER_PATHS = NO;
				CLANG_ANALYZER_NONNULL = YES;
				CLANG_ANALYZER_NUMBER_OBJECT_CONVERSION = YES_AGGRESSIVE;
				CLANG_CXX_LANGUAGE_STANDARD = "gnu++20";
				CLANG_ENABLE_MODULES = YES;
				CLANG_ENABLE_OBJC_ARC = YES;
				CLANG_ENABLE_OBJC_WEAK = YES;
				CLANG_WARN_BLOCK_CAPTURE_AUTORELEASING = YES;
				CLANG_WARN_BOOL_CONVERSION = YES;
				CLANG_WARN_COMMA = YES;
				CLANG_WARN_CONSTANT_CONVERSION = YES;
				CLANG_WARN_DEPRECATED_OBJC_IMPLEMENTATIONS = YES;
				CLANG_WARN_DIRECT_OBJC_ISA_USAGE = YES_ERROR;
				CLANG_WARN_DOCUMENTATION_COMMENTS = YES;
				CLANG_WARN_EMPTY_BODY = YES;
				CLANG_WARN_ENUM_CONVERSION = YES;
				CLANG_WARN_INFINITE_RECURSION = YES;
				CLANG_WARN_INT_CONVERSION = YES;
				CLANG_WARN_NON_LITERAL_NULL_CONVERSION = YES;
				CLANG_WARN_OBJC_IMPLICIT_RETAIN_SELF = YES;
				CLANG_WARN_OBJC_LITERAL_CONVERSION = YES;
				CLANG_WARN_OBJC_ROOT_CLASS = YES_ERROR;
				CLANG_WARN_QUOTED_INCLUDE_IN_FRAMEWORK_HEADER = YES;
				CLANG_WARN_RANGE_LOOP_ANALYSIS = YES;
				CLANG_WARN_STRICT_PROTOTYPES = YES;
				CLANG_WARN_SUSPICIOUS_MOVE = YES;
				CLANG_WARN_UNGUARDED_AVAILABILITY = YES_AGGRESSIVE;
				CLANG_WARN_UNREACHABLE_CODE = YES;
				CLANG_WARN__DUPLICATE_METHOD_MATCH = YES;
				COPY_PHASE_STRIP = NO;
				DEBUG_INFORMATION_FORMAT = dwarf;
				ENABLE_STRICT_OBJC_MSGSEND = YES;
				ENABLE_TESTABILITY = YES;
				GCC_C_LANGUAGE_STANDARD = gnu11;
				GCC_DYNAMIC_NO_PIC = NO;
				GCC_NO_COMMON_BLOCKS = YES;
				GCC_OPTIMIZATION_LEVEL = 0;
				GCC_PREPROCESSOR_DEFINITIONS = (
					"DEBUG=1",
					"$(inherited)",
				);
				GCC_WARN_64_TO_32_BIT_CONVERSION = YES;
				GCC_WARN_ABOUT_RETURN_TYPE = YES_ERROR;
				GCC_WARN_UNDECLARED_SELECTOR = YES;
				GCC_WARN_UNINITIALIZED_AUTOS = YES_AGGRESSIVE;
				GCC_WARN_UNUSED_FUNCTION = YES;
				GCC_WARN_UNUSED_VARIABLE = YES;
				IPHONEOS_DEPLOYMENT_TARGET = 14.0;
				MTL_ENABLE_DEBUG_INFO = INCLUDE_SOURCE;
				MTL_FAST_MATH = YES;
				ONLY_ACTIVE_ARCH = YES;
				SDKROOT = iphoneos;
				SWIFT_ACTIVE_COMPILATION_CONDITIONS = DEBUG;
				SWIFT_OPTIMIZATION_LEVEL = "-Onone";
			};
			name = Debug;
		};
		C97D29882A07FE9D0013966B /* Release */ = {
			isa = XCBuildConfiguration;
			buildSettings = {
				ALWAYS_SEARCH_USER_PATHS = NO;
				CLANG_ANALYZER_NONNULL = YES;
				CLANG_ANALYZER_NUMBER_OBJECT_CONVERSION = YES_AGGRESSIVE;
				CLANG_CXX_LANGUAGE_STANDARD = "gnu++20";
				CLANG_ENABLE_MODULES = YES;
				CLANG_ENABLE_OBJC_ARC = YES;
				CLANG_ENABLE_OBJC_WEAK = YES;
				CLANG_WARN_BLOCK_CAPTURE_AUTORELEASING = YES;
				CLANG_WARN_BOOL_CONVERSION = YES;
				CLANG_WARN_COMMA = YES;
				CLANG_WARN_CONSTANT_CONVERSION = YES;
				CLANG_WARN_DEPRECATED_OBJC_IMPLEMENTATIONS = YES;
				CLANG_WARN_DIRECT_OBJC_ISA_USAGE = YES_ERROR;
				CLANG_WARN_DOCUMENTATION_COMMENTS = YES;
				CLANG_WARN_EMPTY_BODY = YES;
				CLANG_WARN_ENUM_CONVERSION = YES;
				CLANG_WARN_INFINITE_RECURSION = YES;
				CLANG_WARN_INT_CONVERSION = YES;
				CLANG_WARN_NON_LITERAL_NULL_CONVERSION = YES;
				CLANG_WARN_OBJC_IMPLICIT_RETAIN_SELF = YES;
				CLANG_WARN_OBJC_LITERAL_CONVERSION = YES;
				CLANG_WARN_OBJC_ROOT_CLASS = YES_ERROR;
				CLANG_WARN_QUOTED_INCLUDE_IN_FRAMEWORK_HEADER = YES;
				CLANG_WARN_RANGE_LOOP_ANALYSIS = YES;
				CLANG_WARN_STRICT_PROTOTYPES = YES;
				CLANG_WARN_SUSPICIOUS_MOVE = YES;
				CLANG_WARN_UNGUARDED_AVAILABILITY = YES_AGGRESSIVE;
				CLANG_WARN_UNREACHABLE_CODE = YES;
				CLANG_WARN__DUPLICATE_METHOD_MATCH = YES;
				COPY_PHASE_STRIP = NO;
				DEBUG_INFORMATION_FORMAT = "dwarf-with-dsym";
				ENABLE_NS_ASSERTIONS = NO;
				ENABLE_STRICT_OBJC_MSGSEND = YES;
				GCC_C_LANGUAGE_STANDARD = gnu11;
				GCC_NO_COMMON_BLOCKS = YES;
				GCC_WARN_64_TO_32_BIT_CONVERSION = YES;
				GCC_WARN_ABOUT_RETURN_TYPE = YES_ERROR;
				GCC_WARN_UNDECLARED_SELECTOR = YES;
				GCC_WARN_UNINITIALIZED_AUTOS = YES_AGGRESSIVE;
				GCC_WARN_UNUSED_FUNCTION = YES;
				GCC_WARN_UNUSED_VARIABLE = YES;
				IPHONEOS_DEPLOYMENT_TARGET = 14.0;
				MTL_ENABLE_DEBUG_INFO = NO;
				MTL_FAST_MATH = YES;
				SDKROOT = iphoneos;
				SWIFT_COMPILATION_MODE = wholemodule;
				SWIFT_OPTIMIZATION_LEVEL = "-O";
				VALIDATE_PRODUCT = YES;
			};
			name = Release;
		};
		C97D298A2A07FE9D0013966B /* Debug */ = {
			isa = XCBuildConfiguration;
			buildSettings = {
				ASSETCATALOG_COMPILER_APPICON_NAME = AppIcon;
				ASSETCATALOG_COMPILER_GLOBAL_ACCENT_COLOR_NAME = AccentColor;
				CODE_SIGN_STYLE = Automatic;
				CURRENT_PROJECT_VERSION = 1;
				GENERATE_INFOPLIST_FILE = YES;
				INFOPLIST_FILE = "Simulator virus spread/Info.plist";
				INFOPLIST_KEY_UIApplicationSupportsIndirectInputEvents = YES;
				INFOPLIST_KEY_UILaunchStoryboardName = LaunchScreen;
				INFOPLIST_KEY_UIStatusBarStyle = UIStatusBarStyleLightContent;
				INFOPLIST_KEY_UISupportedInterfaceOrientations = UIInterfaceOrientationPortrait;
				IPHONEOS_DEPLOYMENT_TARGET = 14.0;
				LD_RUNPATH_SEARCH_PATHS = (
					"$(inherited)",
					"@executable_path/Frameworks",
				);
				MARKETING_VERSION = 1.0;
				PRODUCT_BUNDLE_IDENTIFIER = "sports.Simulator-virus-spread";
				PRODUCT_NAME = "$(TARGET_NAME)";
				SUPPORTED_PLATFORMS = "iphoneos iphonesimulator";
				SUPPORTS_MACCATALYST = NO;
				SUPPORTS_MAC_DESIGNED_FOR_IPHONE_IPAD = NO;
				SWIFT_EMIT_LOC_STRINGS = YES;
				SWIFT_VERSION = 5.0;
				TARGETED_DEVICE_FAMILY = 1;
			};
			name = Debug;
		};
		C97D298B2A07FE9D0013966B /* Release */ = {
			isa = XCBuildConfiguration;
			buildSettings = {
				ASSETCATALOG_COMPILER_APPICON_NAME = AppIcon;
				ASSETCATALOG_COMPILER_GLOBAL_ACCENT_COLOR_NAME = AccentColor;
				CODE_SIGN_STYLE = Automatic;
				CURRENT_PROJECT_VERSION = 1;
				GENERATE_INFOPLIST_FILE = YES;
				INFOPLIST_FILE = "Simulator virus spread/Info.plist";
				INFOPLIST_KEY_UIApplicationSupportsIndirectInputEvents = YES;
				INFOPLIST_KEY_UILaunchStoryboardName = LaunchScreen;
				INFOPLIST_KEY_UIStatusBarStyle = UIStatusBarStyleLightContent;
				INFOPLIST_KEY_UISupportedInterfaceOrientations = UIInterfaceOrientationPortrait;
				IPHONEOS_DEPLOYMENT_TARGET = 14.0;
				LD_RUNPATH_SEARCH_PATHS = (
					"$(inherited)",
					"@executable_path/Frameworks",
				);
				MARKETING_VERSION = 1.0;
				PRODUCT_BUNDLE_IDENTIFIER = "sports.Simulator-virus-spread";
				PRODUCT_NAME = "$(TARGET_NAME)";
				SUPPORTED_PLATFORMS = "iphoneos iphonesimulator";
				SUPPORTS_MACCATALYST = NO;
				SUPPORTS_MAC_DESIGNED_FOR_IPHONE_IPAD = NO;
				SWIFT_EMIT_LOC_STRINGS = YES;
				SWIFT_VERSION = 5.0;
				TARGETED_DEVICE_FAMILY = 1;
			};
			name = Release;
		};
/* End XCBuildConfiguration section */

/* Begin XCConfigurationList section */
		C97D296D2A07FE9C0013966B /* Build configuration list for PBXProject "Simulator virus spread" */ = {
			isa = XCConfigurationList;
			buildConfigurations = (
				C97D29872A07FE9D0013966B /* Debug */,
				C97D29882A07FE9D0013966B /* Release */,
			);
			defaultConfigurationIsVisible = 0;
			defaultConfigurationName = Release;
		};
		C97D29892A07FE9D0013966B /* Build configuration list for PBXNativeTarget "Simulator virus spread" */ = {
			isa = XCConfigurationList;
			buildConfigurations = (
				C97D298A2A07FE9D0013966B /* Debug */,
				C97D298B2A07FE9D0013966B /* Release */,
			);
			defaultConfigurationIsVisible = 0;
			defaultConfigurationName = Release;
		};
/* End XCConfigurationList section */

/* Begin XCVersionGroup section */
		C97D297E2A07FE9C0013966B /* Simulator_virus_spread.xcdatamodeld */ = {
			isa = XCVersionGroup;
			children = (
				C97D297F2A07FE9C0013966B /* Simulator_virus_spread.xcdatamodel */,
			);
			currentVersion = C97D297F2A07FE9C0013966B /* Simulator_virus_spread.xcdatamodel */;
			path = Simulator_virus_spread.xcdatamodeld;
			sourceTree = "<group>";
			versionGroupType = wrapper.xcdatamodel;
		};
/* End XCVersionGroup section */
	};
	rootObject = C97D296A2A07FE9C0013966B /* Project object */;
}
